
Microsoft Visual Studio Solution File, Format Version 12.00
# Visual Studio Version 17
VisualStudioVersion = 17.8.34309.116
MinimumVisualStudioVersion = 10.0.40219.1
Project("{FAE04EC0-301F-11D3-BF4B-00C04F79EFBC}") = "CustomThemes", "CustomThemes\CustomThemes.csproj", "{D38D1156-C476-4143-B473-C172D75E3D12}"
EndProject
Global
	GlobalSection(SolutionConfigurationPlatforms) = preSolution
		Debug|Any CPU = Debug|Any CPU
		Release|Any CPU = Release|Any CPU
	EndGlobalSection
	GlobalSection(ProjectConfigurationPlatforms) = postSolution
		{D38D1156-C476-4143-B473-C172D75E3D12}.Debug|Any CPU.ActiveCfg = Debug|Any CPU
		{D38D1156-C476-4143-B473-C172D75E3D12}.Debug|Any CPU.Build.0 = Debug|Any CPU
		{D38D1156-C476-4143-B473-C172D75E3D12}.Release|Any CPU.ActiveCfg = Release|Any CPU
		{D38D1156-C476-4143-B473-C172D75E3D12}.Release|Any CPU.Build.0 = Release|Any CPU
	EndGlobalSection
	GlobalSection(SolutionProperties) = preSolution
		HideSolutionNode = FALSE
	EndGlobalSection
	GlobalSection(ExtensibilityGlobals) = postSolution
		SolutionGuid = {A470E930-BEDD-4157-8214-3BC5894EDA9C}
	EndGlobalSection
EndGlobal
